Microsoft Visual Studio Solution File, Format Version 12.00
# Visual Studio Version 17
VisualStudioVersion = 17.5.2.0
MinimumVisualStudioVersion = 10.0.40219.1
Project("{FAE04EC0-301F-11D3-BF4B-00C04F79EFBC}") = "EmployeeResourceAPI", "EmployeeResourceAPI\EmployeeResourceAPI.csproj", "{0F917D3A-DADC-BFEB-6CCC-3F8253C7F862}"
EndProject
Global
	GlobalSection(SolutionConfigurationPlatforms) = preSolution
		Debug|Any CPU = Debug|Any CPU
		Release|Any CPU = Release|Any CPU
	EndGlobalSection
	GlobalSection(ProjectConfigurationPlatforms) = postSolution
		{0F917D3A-DADC-BFEB-6CCC-3F8253C7F862}.Debug|Any CPU.ActiveCfg = Debug|Any CPU
		{0F917D3A-DADC-BFEB-6CCC-3F8253C7F862}.Debug|Any CPU.Build.0 = Debug|Any CPU
		{0F917D3A-DADC-BFEB-6CCC-3F8253C7F862}.Release|Any CPU.ActiveCfg = Release|Any CPU
		{0F917D3A-DADC-BFEB-6CCC-3F8253C7F862}.Release|Any CPU.Build.0 = Release|Any CPU
	EndGlobalSection
	GlobalSection(SolutionProperties) = preSolution
		HideSolutionNode = FALSE
	EndGlobalSection
	GlobalSection(ExtensibilityGlobals) = postSolution
		SolutionGuid = {FAD63718-ED07-4075-AB0F-B7FD2A7C1EFC}
	EndGlobalSection
EndGlobal
